{
  "name": "calculator",
  "version": "1.0.0",
  "lockfileVersion": 2,
  "requires": true,
  "packages": {
    "": {
      "version": "1.0.0",
      "license": "MIT",
      "dependencies": {
        "mathjs": "^9.2.0"
      },
      "devDependencies": {
        "@types/mathjs": "^6.0.11"
      }
    },
    "node_modules/@types/mathjs": {
      "version": "6.0.11",
      "resolved": "https://registry.npm.taobao.org/@types/mathjs/download/@types/mathjs-6.0.11.tgz",
      "integrity": "sha1-vyTB7YdSUidACNLDc7rQfgNIrfs= sha512-q9B8ZreO41L38iTY76bCZEtAqzeRs4mNIOZpZ1sLSlcYgvgfFrnf8y8qfmas0tVWrsODjmQbQJFD6RJJJCqJbQ==",
      "dev": true,
      "license": "MIT",
      "dependencies": {
        "decimal.js": "^10.0.0"
      }
    },
    "node_modules/complex.js": {
      "version": "2.0.11",
      "resolved": "https://registry.npm.taobao.org/complex.js/download/complex.js-2.0.11.tgz",
      "integrity": "sha1-Cahz+/Ff/YwYycIgHM70JcMri/E= sha512-6IArJLApNtdg1P1dFtn3dnyzoZBEF0MwMnrfF1exSBRpZYoy4yieMkpZhQDC0uwctw48vii0CFVyHfpgZ/DfGw==",
      "license": "MIT OR GPL-2.0",
      "engines": {
        "node": "*"
      }
    },
    "node_modules/decimal.js": {
      "version": "10.2.1",
      "resolved": "https://registry.npm.taobao.org/decimal.js/download/decimal.js-10.2.1.tgz",
      "integrity": "sha1-I4rnsPDHk9PjzqQQEIs1osAUJqM= sha512-KaL7+6Fw6i5A2XSnsbhm/6B+NuEA7TZ4vqxnd5tXz9sbKtrN9Srj8ab4vKVdK8YAqZO9P1kg45Y6YLoduPf+kw==",
      "license": "MIT"
    },
    "node_modules/escape-latex": {
      "version": "1.2.0",
      "resolved": "https://registry.npm.taobao.org/escape-latex/download/escape-latex-1.2.0.tgz",
      "integrity": "sha1-B8A4GM99rCUMzlF/T9obAB7yvKE= sha512-nV5aVWW1K0wEiUIEdZ4erkGGH8mDxGyxSeqPzRNtWP7ataw+/olFObw7hujFWlVjNsaDFw5VZ5NzVSIqRgfTiw==",
      "license": "MIT"
    },
    "node_modules/fraction.js": {
      "version": "4.0.13",
      "resolved": "https://registry.npm.taobao.org/fraction.js/download/fraction.js-4.0.13.tgz?cache=0&sync_timestamp=1608864896341&other_urls=https%3A%2F%2Fregistry.npm.taobao.org%2Ffraction.js%2Fdownload%2Ffraction.js-4.0.13.tgz",
      "integrity": "sha1-PBwxX6FrNchf/6lXJaNvpynGnf4= sha512-E1fz2Xs9ltlUp+qbiyx9wmt2n9dRzPsS11Jtdb8D2o+cC7wr9xkkKsVKJuBX0ST+LVS+LhLO+SbLJNtfWcJvXA==",
      "license": "MIT OR GPL-2.0-or-later",
      "engines": {
        "node": "*"
      }
    },
    "node_modules/javascript-natural-sort": {
      "version": "0.7.1",
      "resolved": "https://registry.npm.taobao.org/javascript-natural-sort/download/javascript-natural-sort-0.7.1.tgz",
      "integrity": "sha1-+eIwPUUH9tdDVac2ZNFED7Wg71k= sha512-nO6jcEfZWQXDhOiBtG2KvKyEptz7RVbpGP4vTD2hLBdmNQSsCiicO2Ioinv6UI4y9ukqnBpy+XZ9H6uLNgJTlw==",
      "license": "MIT"
    },
    "node_modules/mathjs": {
      "version": "9.2.0",
      "resolved": "https://registry.npm.taobao.org/mathjs/download/mathjs-9.2.0.tgz",
      "integrity": "sha1-JH8gTG0BUe4B0aJpa5DTDiX4Kn4= sha512-R2fQxaOmyifxgP4+c59dnfLwpKI1KYHdnT5lLwDuHIZvgyGb71M8ay6kTJTEv9rG04pduqvX4tbBUoG5ypTF8A==",
      "license": "Apache-2.0",
      "dependencies": {
        "complex.js": "^2.0.11",
        "decimal.js": "^10.2.1",
        "escape-latex": "^1.2.0",
        "fraction.js": "^4.0.13",
        "javascript-natural-sort": "^0.7.1",
        "seedrandom": "^3.0.5",
        "tiny-emitter": "^2.1.0",
        "typed-function": "^2.0.0"
      },
      "bin": {
        "mathjs": "bin/cli.js"
      },
      "engines": {
        "node": ">= 10"
      }
    },
    "node_modules/seedrandom": {
      "version": "3.0.5",
      "resolved": "https://registry.npm.taobao.org/seedrandom/download/seedrandom-3.0.5.tgz",
      "integrity": "sha1-VO3IXJUiJSWwx6b2s1Q9jgs6oKc= sha512-8OwmbklUNzwezjGInmZ+2clQmExQPvomqjL7LFqOYqtmuxRgQYqOD3mHaU+MvZn5FLUeVxVfQjwLZW/n/JFuqg==",
      "license": "MIT"
    },
    "node_modules/tiny-emitter": {
      "version": "2.1.0",
      "resolved": "https://registry.npm.taobao.org/tiny-emitter/download/tiny-emitter-2.1.0.tgz",
      "integrity": "sha1-HRpW7fxRxD6GPLtTgqcjMONVVCM=",
      "license": "MIT"
    },
    "node_modules/typed-function": {
      "version": "2.0.0",
      "resolved": "https://registry.npm.taobao.org/typed-function/download/typed-function-2.0.0.tgz",
      "integrity": "sha1-Fas4JYRROKixETvYnmDNakNXOeg= sha512-Hhy1Iwo/e4AtLZNK10ewVVcP2UEs408DS35ubP825w/YgSBK1KVLwALvvIG4yX75QJrxjCpcWkzkVRB0BwwYlA==",
      "engines": {
        "node": ">= 8"
      }
    }
  },
  "dependencies": {
    "@types/mathjs": {
      "version": "6.0.11",
      "resolved": "https://registry.npm.taobao.org/@types/mathjs/download/@types/mathjs-6.0.11.tgz",
      "integrity": "sha1-vyTB7YdSUidACNLDc7rQfgNIrfs= sha512-q9B8ZreO41L38iTY76bCZEtAqzeRs4mNIOZpZ1sLSlcYgvgfFrnf8y8qfmas0tVWrsODjmQbQJFD6RJJJCqJbQ==",
      "dev": true,
      "requires": {
        "decimal.js": "^10.0.0"
      }
    },
    "complex.js": {
      "version": "2.0.11",
      "resolved": "https://registry.npm.taobao.org/complex.js/download/complex.js-2.0.11.tgz",
      "integrity": "sha1-Cahz+/Ff/YwYycIgHM70JcMri/E= sha512-6IArJLApNtdg1P1dFtn3dnyzoZBEF0MwMnrfF1exSBRpZYoy4yieMkpZhQDC0uwctw48vii0CFVyHfpgZ/DfGw=="
    },
    "decimal.js": {
      "version": "10.2.1",
      "resolved": "https://registry.npm.taobao.org/decimal.js/download/decimal.js-10.2.1.tgz",
      "integrity": "sha1-I4rnsPDHk9PjzqQQEIs1osAUJqM= sha512-KaL7+6Fw6i5A2XSnsbhm/6B+NuEA7TZ4vqxnd5tXz9sbKtrN9Srj8ab4vKVdK8YAqZO9P1kg45Y6YLoduPf+kw=="
    },
    "escape-latex": {
      "version": "1.2.0",
      "resolved": "https://registry.npm.taobao.org/escape-latex/download/escape-latex-1.2.0.tgz",
      "integrity": "sha1-B8A4GM99rCUMzlF/T9obAB7yvKE= sha512-nV5aVWW1K0wEiUIEdZ4erkGGH8mDxGyxSeqPzRNtWP7ataw+/olFObw7hujFWlVjNsaDFw5VZ5NzVSIqRgfTiw=="
    },
    "fraction.js": {
      "version": "4.0.13",
      "resolved": "https://registry.npm.taobao.org/fraction.js/download/fraction.js-4.0.13.tgz?cache=0&sync_timestamp=1608864896341&other_urls=https%3A%2F%2Fregistry.npm.taobao.org%2Ffraction.js%2Fdownload%2Ffraction.js-4.0.13.tgz",
      "integrity": "sha1-PBwxX6FrNchf/6lXJaNvpynGnf4= sha512-E1fz2Xs9ltlUp+qbiyx9wmt2n9dRzPsS11Jtdb8D2o+cC7wr9xkkKsVKJuBX0ST+LVS+LhLO+SbLJNtfWcJvXA=="
    },
    "javascript-natural-sort": {
      "version": "0.7.1",
      "resolved": "https://registry.npm.taobao.org/javascript-natural-sort/download/javascript-natural-sort-0.7.1.tgz",
      "integrity": "sha1-+eIwPUUH9tdDVac2ZNFED7Wg71k= sha512-nO6jcEfZWQXDhOiBtG2KvKyEptz7RVbpGP4vTD2hLBdmNQSsCiicO2Ioinv6UI4y9ukqnBpy+XZ9H6uLNgJTlw=="
    },
    "mathjs": {
      "version": "9.2.0",
      "resolved": "https://registry.npm.taobao.org/mathjs/download/mathjs-9.2.0.tgz",
      "integrity": "sha1-JH8gTG0BUe4B0aJpa5DTDiX4Kn4= sha512-R2fQxaOmyifxgP4+c59dnfLwpKI1KYHdnT5lLwDuHIZvgyGb71M8ay6kTJTEv9rG04pduqvX4tbBUoG5ypTF8A==",
      "requires": {
        "complex.js": "^2.0.11",
        "decimal.js": "^10.2.1",
        "escape-latex": "^1.2.0",
        "fraction.js": "^4.0.13",
        "javascript-natural-sort": "^0.7.1",
        "seedrandom": "^3.0.5",
        "tiny-emitter": "^2.1.0",
        "typed-function": "^2.0.0"
      }
    },
    "seedrandom": {
      "version": "3.0.5",
      "resolved": "https://registry.npm.taobao.org/seedrandom/download/seedrandom-3.0.5.tgz",
      "integrity": "sha1-VO3IXJUiJSWwx6b2s1Q9jgs6oKc= sha512-8OwmbklUNzwezjGInmZ+2clQmExQPvomqjL7LFqOYqtmuxRgQYqOD3mHaU+MvZn5FLUeVxVfQjwLZW/n/JFuqg=="
    },
    "tiny-emitter": {
      "version": "2.1.0",
      "resolved": "https://registry.npm.taobao.org/tiny-emitter/download/tiny-emitter-2.1.0.tgz",
      "integrity": "sha1-HRpW7fxRxD6GPLtTgqcjMONVVCM="
    },
    "typed-function": {
      "version": "2.0.0",
      "resolved": "https://registry.npm.taobao.org/typed-function/download/typed-function-2.0.0.tgz",
      "integrity": "sha1-Fas4JYRROKixETvYnmDNakNXOeg= sha512-Hhy1Iwo/e4AtLZNK10ewVVcP2UEs408DS35ubP825w/YgSBK1KVLwALvvIG4yX75QJrxjCpcWkzkVRB0BwwYlA=="
    }
  }
}
