{
  "name": "launcher",
  "version": "1.0.0",
  "lockfileVersion": 2,
  "requires": true,
  "packages": {
    "": {
      "version": "1.0.0",
      "license": "ISC",
      "dependencies": {
        "file-icon": "^4.0.0",
        "tiny-pinyin": "^1.3.2"
      }
    },
    "node_modules/aggregate-error": {
      "version": "3.1.0",
      "resolved": "https://registry.npm.taobao.org/aggregate-error/download/aggregate-error-3.1.0.tgz",
      "integrity": "sha1-kmcP9Q9TWb23o+DUDQ7DDFc3aHo=",
      "dependencies": {
        "clean-stack": "^2.0.0",
        "indent-string": "^4.0.0"
      },
      "engines": {
        "node": ">=8"
      }
    },
    "node_modules/clean-stack": {
      "version": "2.2.0",
      "resolved": "https://registry.npm.taobao.org/clean-stack/download/clean-stack-2.2.0.tgz?cache=0&sync_timestamp=1605702401116&other_urls=https%3A%2F%2Fregistry.npm.taobao.org%2Fclean-stack%2Fdownload%2Fclean-stack-2.2.0.tgz",
      "integrity": "sha1-7oRy27Ep5yezHooQpCfe6d/kAIs=",
      "engines": {
        "node": ">=6"
      }
    },
    "node_modules/file-icon": {
      "version": "4.0.0",
      "resolved": "https://registry.npm.taobao.org/file-icon/download/file-icon-4.0.0.tgz",
      "integrity": "sha1-QOLv0MqIAC8YDA6/pYe7pkrf1nM=",
      "dependencies": {
        "p-map": "^4.0.0"
      },
      "engines": {
        "node": ">=10"
      }
    },
    "node_modules/indent-string": {
      "version": "4.0.0",
      "resolved": "https://registry.npm.taobao.org/indent-string/download/indent-string-4.0.0.tgz",
      "integrity": "sha1-Yk+PRJfWGbLZdoUx1Y9BIoVNclE=",
      "engines": {
        "node": ">=8"
      }
    },
    "node_modules/p-map": {
      "version": "4.0.0",
      "resolved": "https://registry.npm.taobao.org/p-map/download/p-map-4.0.0.tgz?cache=0&sync_timestamp=1599054263097&other_urls=https%3A%2F%2Fregistry.npm.taobao.org%2Fp-map%2Fdownload%2Fp-map-4.0.0.tgz",
      "integrity": "sha1-uy+Vpe2i7BaOySdOBqdHw+KQTSs=",
      "dependencies": {
        "aggregate-error": "^3.0.0"
      },
      "engines": {
        "node": ">=10"
      }
    },
    "node_modules/tiny-pinyin": {
      "version": "1.3.2",
      "resolved": "https://registry.npm.taobao.org/tiny-pinyin/download/tiny-pinyin-1.3.2.tgz",
      "integrity": "sha1-zjHw86/CqA7p33CPx/TpFIVNU0o="
    }
  },
  "dependencies": {
    "aggregate-error": {
      "version": "3.1.0",
      "resolved": "https://registry.npm.taobao.org/aggregate-error/download/aggregate-error-3.1.0.tgz",
      "integrity": "sha1-kmcP9Q9TWb23o+DUDQ7DDFc3aHo=",
      "requires": {
        "clean-stack": "^2.0.0",
        "indent-string": "^4.0.0"
      }
    },
    "clean-stack": {
      "version": "2.2.0",
      "resolved": "https://registry.npm.taobao.org/clean-stack/download/clean-stack-2.2.0.tgz?cache=0&sync_timestamp=1605702401116&other_urls=https%3A%2F%2Fregistry.npm.taobao.org%2Fclean-stack%2Fdownload%2Fclean-stack-2.2.0.tgz",
      "integrity": "sha1-7oRy27Ep5yezHooQpCfe6d/kAIs="
    },
    "file-icon": {
      "version": "4.0.0",
      "resolved": "https://registry.npm.taobao.org/file-icon/download/file-icon-4.0.0.tgz",
      "integrity": "sha1-QOLv0MqIAC8YDA6/pYe7pkrf1nM=",
      "requires": {
        "p-map": "^4.0.0"
      }
    },
    "indent-string": {
      "version": "4.0.0",
      "resolved": "https://registry.npm.taobao.org/indent-string/download/indent-string-4.0.0.tgz",
      "integrity": "sha1-Yk+PRJfWGbLZdoUx1Y9BIoVNclE="
    },
    "p-map": {
      "version": "4.0.0",
      "resolved": "https://registry.npm.taobao.org/p-map/download/p-map-4.0.0.tgz?cache=0&sync_timestamp=1599054263097&other_urls=https%3A%2F%2Fregistry.npm.taobao.org%2Fp-map%2Fdownload%2Fp-map-4.0.0.tgz",
      "integrity": "sha1-uy+Vpe2i7BaOySdOBqdHw+KQTSs=",
      "requires": {
        "aggregate-error": "^3.0.0"
      }
    },
    "tiny-pinyin": {
      "version": "1.3.2",
      "resolved": "https://registry.npm.taobao.org/tiny-pinyin/download/tiny-pinyin-1.3.2.tgz",
      "integrity": "sha1-zjHw86/CqA7p33CPx/TpFIVNU0o="
    }
  }
}
